# generated by rye
# use `rye lock` or `rye sync` to update this lockfile
#
# last locked with the following flags:
#   pre: false
#   features: []
#   all-features: false
#   with-sources: false
#   generate-hashes: false

-e file:.
absl-py==2.1.0
    # via mesop
blinker==1.8.2
    # via flask
click==8.1.7
    # via flask
deepdiff==6.7.1
    # via mesop
flask==3.0.3
    # via mesop
itsdangerous==2.2.0
    # via flask
jinja2==3.1.4
    # via flask
libcst==1.1.0
    # via mesop
markdown==3.6
    # via mesop
markupsafe==2.1.5
    # via jinja2
    # via werkzeug
mesop==0.8.0
    # via mesop-practice
mypy-extensions==1.0.0
    # via typing-inspect
ordered-set==4.1.0
    # via deepdiff
protobuf==5.27.1
    # via mesop
pydantic==1.10.13
    # via mesop
pygments==2.18.0
    # via mesop
pyyaml==6.0.1
    # via libcst
typing-extensions==4.12.2
    # via libcst
    # via pydantic
    # via typing-inspect
typing-inspect==0.9.0
    # via libcst
watchdog==4.0.1
    # via mesop
werkzeug==3.0.3
    # via flask
